
Microsoft Visual Studio Solution File, Format Version 12.00
# Visual Studio Version 16
VisualStudioVersion = 16.0.30804.86
MinimumVisualStudioVersion = 10.0.40219.1
Project("{FAE04EC0-301F-11D3-BF4B-00C04F79EFBC}") = "MvcProjeKampi", "MvcProjeKampi\MvcProjeKampi.csproj", "{A43600DB-DCA3-4426-88DA-7E736468634E}"
EndProject
Project("{FAE04EC0-301F-11D3-BF4B-00C04F79EFBC}") = "EntityLayer", "EntityLayer\EntityLayer.csproj", "{C6D39C27-C486-4E81-B7A9-3B3D47280513}"
EndProject
Project("{FAE04EC0-301F-11D3-BF4B-00C04F79EFBC}") = "DataAccessLayer", "DataAccessLayer\DataAccessLayer.csproj", "{109A3091-349E-4F38-BF36-B4EC9BD445F3}"
EndProject
Project("{FAE04EC0-301F-11D3-BF4B-00C04F79EFBC}") = "BusinessLayer", "BusinessLayer\BusinessLayer.csproj", "{2385446E-E28B-4E79-A5C6-51CF06587F79}"
EndProject
Global
	GlobalSection(SolutionConfigurationPlatforms) = preSolution
		Debug|Any CPU = Debug|Any CPU
		Release|Any CPU = Release|Any CPU
	EndGlobalSection
	GlobalSection(ProjectConfigurationPlatforms) = postSolution
		{A43600DB-DCA3-4426-88DA-7E736468634E}.Debug|Any CPU.ActiveCfg = Debug|Any CPU
		{A43600DB-DCA3-4426-88DA-7E736468634E}.Debug|Any CPU.Build.0 = Debug|Any CPU
		{A43600DB-DCA3-4426-88DA-7E736468634E}.Release|Any CPU.ActiveCfg = Release|Any CPU
		{A43600DB-DCA3-4426-88DA-7E736468634E}.Release|Any CPU.Build.0 = Release|Any CPU
		{C6D39C27-C486-4E81-B7A9-3B3D47280513}.Debug|Any CPU.ActiveCfg = Debug|Any CPU
		{C6D39C27-C486-4E81-B7A9-3B3D47280513}.Debug|Any CPU.Build.0 = Debug|Any CPU
		{C6D39C27-C486-4E81-B7A9-3B3D47280513}.Release|Any CPU.ActiveCfg = Release|Any CPU
		{C6D39C27-C486-4E81-B7A9-3B3D47280513}.Release|Any CPU.Build.0 = Release|Any CPU
		{109A3091-349E-4F38-BF36-B4EC9BD445F3}.Debug|Any CPU.ActiveCfg = Debug|Any CPU
		{109A3091-349E-4F38-BF36-B4EC9BD445F3}.Debug|Any CPU.Build.0 = Debug|Any CPU
		{109A3091-349E-4F38-BF36-B4EC9BD445F3}.Release|Any CPU.ActiveCfg = Release|Any CPU
		{109A3091-349E-4F38-BF36-B4EC9BD445F3}.Release|Any CPU.Build.0 = Release|Any CPU
		{2385446E-E28B-4E79-A5C6-51CF06587F79}.Debug|Any CPU.ActiveCfg = Debug|Any CPU
		{2385446E-E28B-4E79-A5C6-51CF06587F79}.Debug|Any CPU.Build.0 = Debug|Any CPU
		{2385446E-E28B-4E79-A5C6-51CF06587F79}.Release|Any CPU.ActiveCfg = Release|Any CPU
		{2385446E-E28B-4E79-A5C6-51CF06587F79}.Release|Any CPU.Build.0 = Release|Any CPU
	EndGlobalSection
	GlobalSection(SolutionProperties) = preSolution
		HideSolutionNode = FALSE
	EndGlobalSection
	GlobalSection(ExtensibilityGlobals) = postSolution
		SolutionGuid = {1F5EAB0C-FABB-4C17-B3F7-1B94ECB01CE2}
	EndGlobalSection
EndGlobal
